
Microsoft Visual Studio Solution File, Format Version 12.00
# Visual Studio Version 17
VisualStudioVersion = 17.4.33122.133
MinimumVisualStudioVersion = 10.0.40219.1
Project("{FAE04EC0-301F-11D3-BF4B-00C04F79EFBC}") = "Opten.Condent.DentistApp", "Opten.Condent.DentistApp\Opten.Condent.DentistApp.csproj", "{251B11A3-058D-4391-8280-62F059CF09FB}"
EndProject
Global
	GlobalSection(SolutionConfigurationPlatforms) = preSolution
		Debug|Any CPU = Debug|Any CPU
		Release|Any CPU = Release|Any CPU
	EndGlobalSection
	GlobalSection(ProjectConfigurationPlatforms) = postSolution
		{251B11A3-058D-4391-8280-62F059CF09FB}.Debug|Any CPU.ActiveCfg = Debug|Any CPU
		{251B11A3-058D-4391-8280-62F059CF09FB}.Debug|Any CPU.Build.0 = Debug|Any CPU
		{251B11A3-058D-4391-8280-62F059CF09FB}.Release|Any CPU.ActiveCfg = Release|Any CPU
		{251B11A3-058D-4391-8280-62F059CF09FB}.Release|Any CPU.Build.0 = Release|Any CPU
	EndGlobalSection
	GlobalSection(SolutionProperties) = preSolution
		HideSolutionNode = FALSE
	EndGlobalSection
	GlobalSection(ExtensibilityGlobals) = postSolution
		SolutionGuid = {FFF80558-E6FF-45A3-B57B-326B58E2623A}
	EndGlobalSection
EndGlobal
